
Microsoft Visual Studio Solution File, Format Version 12.00
# Visual Studio Version 17
VisualStudioVersion = 17.9.34728.123
MinimumVisualStudioVersion = 10.0.40219.1
Project("{FAE04EC0-301F-11D3-BF4B-00C04F79EFBC}") = "WB.ServerApp", "WB.ServerApp\WB.ServerApp.csproj", "{31A728EF-D6CB-44A4-9CBD-8F06587E1622}"
EndProject
Project("{FAE04EC0-301F-11D3-BF4B-00C04F79EFBC}") = "WB.ClientApp", "WB.ClientApp\WB.ClientApp.csproj", "{0DED43F7-6CE8-4B4A-AAAD-0C538F0D2916}"
EndProject
Global
	GlobalSection(SolutionConfigurationPlatforms) = preSolution
		Debug|Any CPU = Debug|Any CPU
		Release|Any CPU = Release|Any CPU
	EndGlobalSection
	GlobalSection(ProjectConfigurationPlatforms) = postSolution
		{31A728EF-D6CB-44A4-9CBD-8F06587E1622}.Debug|Any CPU.ActiveCfg = Debug|Any CPU
		{31A728EF-D6CB-44A4-9CBD-8F06587E1622}.Debug|Any CPU.Build.0 = Debug|Any CPU
		{31A728EF-D6CB-44A4-9CBD-8F06587E1622}.Release|Any CPU.ActiveCfg = Release|Any CPU
		{31A728EF-D6CB-44A4-9CBD-8F06587E1622}.Release|Any CPU.Build.0 = Release|Any CPU
		{0DED43F7-6CE8-4B4A-AAAD-0C538F0D2916}.Debug|Any CPU.ActiveCfg = Debug|Any CPU
		{0DED43F7-6CE8-4B4A-AAAD-0C538F0D2916}.Debug|Any CPU.Build.0 = Debug|Any CPU
		{0DED43F7-6CE8-4B4A-AAAD-0C538F0D2916}.Release|Any CPU.ActiveCfg = Release|Any CPU
		{0DED43F7-6CE8-4B4A-AAAD-0C538F0D2916}.Release|Any CPU.Build.0 = Release|Any CPU
	EndGlobalSection
	GlobalSection(SolutionProperties) = preSolution
		HideSolutionNode = FALSE
	EndGlobalSection
	GlobalSection(ExtensibilityGlobals) = postSolution
		SolutionGuid = {673107EA-89F9-4C1D-8A29-8DDF8A781263}
	EndGlobalSection
EndGlobal
